
Microsoft Visual Studio Solution File, Format Version 12.00
# Visual Studio 2013
VisualStudioVersion = 12.0.40629.0
MinimumVisualStudioVersion = 10.0.40219.1
Project("{FAE04EC0-301F-11D3-BF4B-00C04F79EFBC}") = "Orange.ConfortPlus.IEExtension", "Orange.ConfortPlus.IEExtension\Orange.ConfortPlus.IEExtension.csproj", "{B24BC13A-A039-4A68-A0C7-03C8E3ED6CC7}"
EndProject
Project("{930C7802-8A8C-48F9-8165-68863BCCD9DD}") = "Orange.ConfortPlus.IEExtension.Installer", "Orange.ConfortPlus.IEExtension.Installer\Orange.ConfortPlus.IEExtension.Installer.wixproj", "{DDE53E18-B182-44F1-B458-68B6BD9BC880}"
EndProject
Project("{FAE04EC0-301F-11D3-BF4B-00C04F79EFBC}") = "Orange.ConfortPlus.IEExtension.WiX", "Orange.ConfortPlus.IEExtension.WiX\Orange.ConfortPlus.IEExtension.WiX.csproj", "{48EB2B79-A486-466A-BB00-850AA50BDD8A}"
EndProject
Project("{2150E333-8FDC-42A3-9474-1A3956D46DE8}") = "Tools", "Tools", "{154A2DE8-C2BB-4E04-AF97-5684CB3E92C4}"
	ProjectSection(SolutionItems) = preProject
		Tools\build.bat = Tools\build.bat
		Tools\WiLangId.vbs = Tools\WiLangId.vbs
		Tools\WiSubStg.vbs = Tools\WiSubStg.vbs
	EndProjectSection
EndProject
Project("{2150E333-8FDC-42A3-9474-1A3956D46DE8}") = "ExternalReferences", "ExternalReferences", "{B2A81C0E-94C7-4C8C-BD38-DAF0ADDCAA3C}"
	ProjectSection(SolutionItems) = preProject
		ExternalReferences\Interop.SHDocVw.dll = ExternalReferences\Interop.SHDocVw.dll
		ExternalReferences\Microsoft.mshtml.dll = ExternalReferences\Microsoft.mshtml.dll
		ExternalReferences\WixNetFxExtension.dll = ExternalReferences\WixNetFxExtension.dll
		ExternalReferences\WixUIExtension.dll = ExternalReferences\WixUIExtension.dll
	EndProjectSection
EndProject
Global
	GlobalSection(SolutionConfigurationPlatforms) = preSolution
		Debug|Any CPU = Debug|Any CPU
		Debug|Mixed Platforms = Debug|Mixed Platforms
		Debug|x64 = Debug|x64
		Debug|x86 = Debug|x86
		Release|Any CPU = Release|Any CPU
		Release|Mixed Platforms = Release|Mixed Platforms
		Release|x64 = Release|x64
		Release|x86 = Release|x86
	EndGlobalSection
	GlobalSection(ProjectConfigurationPlatforms) = postSolution
		{B24BC13A-A039-4A68-A0C7-03C8E3ED6CC7}.Debug|Any CPU.ActiveCfg = Debug|Any CPU
		{B24BC13A-A039-4A68-A0C7-03C8E3ED6CC7}.Debug|Any CPU.Build.0 = Debug|Any CPU
		{B24BC13A-A039-4A68-A0C7-03C8E3ED6CC7}.Debug|Mixed Platforms.ActiveCfg = Debug|Any CPU
		{B24BC13A-A039-4A68-A0C7-03C8E3ED6CC7}.Debug|Mixed Platforms.Build.0 = Debug|Any CPU
		{B24BC13A-A039-4A68-A0C7-03C8E3ED6CC7}.Debug|x64.ActiveCfg = Debug|Any CPU
		{B24BC13A-A039-4A68-A0C7-03C8E3ED6CC7}.Debug|x64.Build.0 = Debug|Any CPU
		{B24BC13A-A039-4A68-A0C7-03C8E3ED6CC7}.Debug|x86.ActiveCfg = Debug|Any CPU
		{B24BC13A-A039-4A68-A0C7-03C8E3ED6CC7}.Debug|x86.Build.0 = Debug|Any CPU
		{B24BC13A-A039-4A68-A0C7-03C8E3ED6CC7}.Release|Any CPU.ActiveCfg = Release|Any CPU
		{B24BC13A-A039-4A68-A0C7-03C8E3ED6CC7}.Release|Any CPU.Build.0 = Release|Any CPU
		{B24BC13A-A039-4A68-A0C7-03C8E3ED6CC7}.Release|Mixed Platforms.ActiveCfg = Release|Any CPU
		{B24BC13A-A039-4A68-A0C7-03C8E3ED6CC7}.Release|Mixed Platforms.Build.0 = Release|Any CPU
		{B24BC13A-A039-4A68-A0C7-03C8E3ED6CC7}.Release|x64.ActiveCfg = Release|Any CPU
		{B24BC13A-A039-4A68-A0C7-03C8E3ED6CC7}.Release|x64.Build.0 = Release|Any CPU
		{B24BC13A-A039-4A68-A0C7-03C8E3ED6CC7}.Release|x86.ActiveCfg = Release|Any CPU
		{B24BC13A-A039-4A68-A0C7-03C8E3ED6CC7}.Release|x86.Build.0 = Release|Any CPU
		{DDE53E18-B182-44F1-B458-68B6BD9BC880}.Debug|Any CPU.ActiveCfg = Debug|x86
		{DDE53E18-B182-44F1-B458-68B6BD9BC880}.Debug|Any CPU.Build.0 = Debug|x86
		{DDE53E18-B182-44F1-B458-68B6BD9BC880}.Debug|Mixed Platforms.ActiveCfg = Debug|x86
		{DDE53E18-B182-44F1-B458-68B6BD9BC880}.Debug|Mixed Platforms.Build.0 = Debug|x86
		{DDE53E18-B182-44F1-B458-68B6BD9BC880}.Debug|x64.ActiveCfg = Debug|x64
		{DDE53E18-B182-44F1-B458-68B6BD9BC880}.Debug|x64.Build.0 = Debug|x64
		{DDE53E18-B182-44F1-B458-68B6BD9BC880}.Debug|x86.ActiveCfg = Debug|x86
		{DDE53E18-B182-44F1-B458-68B6BD9BC880}.Debug|x86.Build.0 = Debug|x86
		{DDE53E18-B182-44F1-B458-68B6BD9BC880}.Release|Any CPU.ActiveCfg = Release|x86
		{DDE53E18-B182-44F1-B458-68B6BD9BC880}.Release|Mixed Platforms.ActiveCfg = Release|x86
		{DDE53E18-B182-44F1-B458-68B6BD9BC880}.Release|Mixed Platforms.Build.0 = Release|x86
		{DDE53E18-B182-44F1-B458-68B6BD9BC880}.Release|x64.ActiveCfg = Release|x64
		{DDE53E18-B182-44F1-B458-68B6BD9BC880}.Release|x64.Build.0 = Release|x64
		{DDE53E18-B182-44F1-B458-68B6BD9BC880}.Release|x86.ActiveCfg = Release|x86
		{DDE53E18-B182-44F1-B458-68B6BD9BC880}.Release|x86.Build.0 = Release|x86
		{48EB2B79-A486-466A-BB00-850AA50BDD8A}.Debug|Any CPU.ActiveCfg = Debug|x86
		{48EB2B79-A486-466A-BB00-850AA50BDD8A}.Debug|Any CPU.Build.0 = Debug|x86
		{48EB2B79-A486-466A-BB00-850AA50BDD8A}.Debug|Mixed Platforms.ActiveCfg = Debug|x86
		{48EB2B79-A486-466A-BB00-850AA50BDD8A}.Debug|Mixed Platforms.Build.0 = Debug|x86
		{48EB2B79-A486-466A-BB00-850AA50BDD8A}.Debug|x64.ActiveCfg = Debug|x64
		{48EB2B79-A486-466A-BB00-850AA50BDD8A}.Debug|x64.Build.0 = Debug|x64
		{48EB2B79-A486-466A-BB00-850AA50BDD8A}.Debug|x86.ActiveCfg = Debug|x86
		{48EB2B79-A486-466A-BB00-850AA50BDD8A}.Debug|x86.Build.0 = Debug|x86
		{48EB2B79-A486-466A-BB00-850AA50BDD8A}.Release|Any CPU.ActiveCfg = Release|x86
		{48EB2B79-A486-466A-BB00-850AA50BDD8A}.Release|Mixed Platforms.ActiveCfg = Release|x86
		{48EB2B79-A486-466A-BB00-850AA50BDD8A}.Release|Mixed Platforms.Build.0 = Release|x86
		{48EB2B79-A486-466A-BB00-850AA50BDD8A}.Release|x64.ActiveCfg = Release|x64
		{48EB2B79-A486-466A-BB00-850AA50BDD8A}.Release|x64.Build.0 = Release|x64
		{48EB2B79-A486-466A-BB00-850AA50BDD8A}.Release|x86.ActiveCfg = Release|x86
		{48EB2B79-A486-466A-BB00-850AA50BDD8A}.Release|x86.Build.0 = Release|x86
	EndGlobalSection
	GlobalSection(SolutionProperties) = preSolution
		HideSolutionNode = FALSE
	EndGlobalSection
EndGlobal
